
Microsoft Visual Studio Solution File, Format Version 12.00
# Visual Studio 15
VisualStudioVersion = 15.0.27428.2005
MinimumVisualStudioVersion = 10.0.40219.1
Project("{FAE04EC0-301F-11D3-BF4B-00C04F79EFBC}") = "Sandbox", "Sandbox\Sandbox.csproj", "{67137463-379A-41F5-AF9E-B649BB8DFD0D}"
EndProject
Project("{FAE04EC0-301F-11D3-BF4B-00C04F79EFBC}") = "SandboxThreeTier", "SandboxBLL\SandboxThreeTier.csproj", "{087B141C-2F2D-455B-853E-FC737AD246A2}"
EndProject
Global
	GlobalSection(SolutionConfigurationPlatforms) = preSolution
		Debug|Any CPU = Debug|Any CPU
		Release|Any CPU = Release|Any CPU
	EndGlobalSection
	GlobalSection(ProjectConfigurationPlatforms) = postSolution
		{67137463-379A-41F5-AF9E-B649BB8DFD0D}.Debug|Any CPU.ActiveCfg = Debug|Any CPU
		{67137463-379A-41F5-AF9E-B649BB8DFD0D}.Debug|Any CPU.Build.0 = Debug|Any CPU
		{67137463-379A-41F5-AF9E-B649BB8DFD0D}.Release|Any CPU.ActiveCfg = Release|Any CPU
		{67137463-379A-41F5-AF9E-B649BB8DFD0D}.Release|Any CPU.Build.0 = Release|Any CPU
		{087B141C-2F2D-455B-853E-FC737AD246A2}.Debug|Any CPU.ActiveCfg = Debug|Any CPU
		{087B141C-2F2D-455B-853E-FC737AD246A2}.Debug|Any CPU.Build.0 = Debug|Any CPU
		{087B141C-2F2D-455B-853E-FC737AD246A2}.Release|Any CPU.ActiveCfg = Release|Any CPU
		{087B141C-2F2D-455B-853E-FC737AD246A2}.Release|Any CPU.Build.0 = Release|Any CPU
	EndGlobalSection
	GlobalSection(SolutionProperties) = preSolution
		HideSolutionNode = FALSE
	EndGlobalSection
	GlobalSection(ExtensibilityGlobals) = postSolution
		SolutionGuid = {42278455-F928-4CB5-8E5A-5A77696C9987}
	EndGlobalSection
EndGlobal
