
Microsoft Visual Studio Solution File, Format Version 12.00
# Visual Studio 15
VisualStudioVersion = 15.0.26206.0
MinimumVisualStudioVersion = 10.0.40219.1
Project("{FAE04EC0-301F-11D3-BF4B-00C04F79EFBC}") = "Motomatic", "Motomatic.csproj", "{01E9CF94-0267-401D-A967-72E83879D7AB}"
EndProject
Project("{FAE04EC0-301F-11D3-BF4B-00C04F79EFBC}") = "MotomaticBase", "..\MotomaticBase\MotomaticBase.csproj", "{C8DE3E75-1656-472A-9742-56F629525870}"
EndProject
Global
	GlobalSection(SolutionConfigurationPlatforms) = preSolution
		Debug|Any CPU = Debug|Any CPU
		Debug|x64 = Debug|x64
		Debug|x86 = Debug|x86
		Release|Any CPU = Release|Any CPU
		Release|x64 = Release|x64
		Release|x86 = Release|x86
	EndGlobalSection
	GlobalSection(ProjectConfigurationPlatforms) = postSolution
		{01E9CF94-0267-401D-A967-72E83879D7AB}.Debug|Any CPU.ActiveCfg = Debug|Any CPU
		{01E9CF94-0267-401D-A967-72E83879D7AB}.Debug|Any CPU.Build.0 = Debug|Any CPU
		{01E9CF94-0267-401D-A967-72E83879D7AB}.Debug|x64.ActiveCfg = Debug|Any CPU
		{01E9CF94-0267-401D-A967-72E83879D7AB}.Debug|x64.Build.0 = Debug|Any CPU
		{01E9CF94-0267-401D-A967-72E83879D7AB}.Debug|x86.ActiveCfg = Debug|Any CPU
		{01E9CF94-0267-401D-A967-72E83879D7AB}.Debug|x86.Build.0 = Debug|Any CPU
		{01E9CF94-0267-401D-A967-72E83879D7AB}.Release|Any CPU.ActiveCfg = Release|Any CPU
		{01E9CF94-0267-401D-A967-72E83879D7AB}.Release|Any CPU.Build.0 = Release|Any CPU
		{01E9CF94-0267-401D-A967-72E83879D7AB}.Release|x64.ActiveCfg = Release|Any CPU
		{01E9CF94-0267-401D-A967-72E83879D7AB}.Release|x64.Build.0 = Release|Any CPU
		{01E9CF94-0267-401D-A967-72E83879D7AB}.Release|x86.ActiveCfg = Release|Any CPU
		{01E9CF94-0267-401D-A967-72E83879D7AB}.Release|x86.Build.0 = Release|Any CPU
		{C8DE3E75-1656-472A-9742-56F629525870}.Debug|Any CPU.ActiveCfg = Debug|Any CPU
		{C8DE3E75-1656-472A-9742-56F629525870}.Debug|Any CPU.Build.0 = Debug|Any CPU
		{C8DE3E75-1656-472A-9742-56F629525870}.Debug|x64.ActiveCfg = Debug|Any CPU
		{C8DE3E75-1656-472A-9742-56F629525870}.Debug|x64.Build.0 = Debug|Any CPU
		{C8DE3E75-1656-472A-9742-56F629525870}.Debug|x86.ActiveCfg = Debug|Any CPU
		{C8DE3E75-1656-472A-9742-56F629525870}.Debug|x86.Build.0 = Debug|Any CPU
		{C8DE3E75-1656-472A-9742-56F629525870}.Release|Any CPU.ActiveCfg = Release|Any CPU
		{C8DE3E75-1656-472A-9742-56F629525870}.Release|Any CPU.Build.0 = Release|Any CPU
		{C8DE3E75-1656-472A-9742-56F629525870}.Release|x64.ActiveCfg = Release|Any CPU
		{C8DE3E75-1656-472A-9742-56F629525870}.Release|x64.Build.0 = Release|Any CPU
		{C8DE3E75-1656-472A-9742-56F629525870}.Release|x86.ActiveCfg = Release|Any CPU
		{C8DE3E75-1656-472A-9742-56F629525870}.Release|x86.Build.0 = Release|Any CPU
	EndGlobalSection
	GlobalSection(SolutionProperties) = preSolution
		HideSolutionNode = FALSE
	EndGlobalSection
EndGlobal
