
Microsoft Visual Studio Solution File, Format Version 12.00
# Visual Studio 15
VisualStudioVersion = 15.0.25618.0
MinimumVisualStudioVersion = 10.0.40219.1
Project("{FAE04EC0-301F-11D3-BF4B-00C04F79EFBC}") = "WorldStamper", "WorldStamper.csproj", "{AC353749-4146-4125-987B-A1CA222C905F}"
EndProject
Project("{FAE04EC0-301F-11D3-BF4B-00C04F79EFBC}") = "WorldStamperUI", "..\..\Class Libraries\WinForms\WorldStamperUI\WorldStamperUI.csproj", "{A2F34A1E-3BC6-4889-AFF2-88E26C1260B5}"
EndProject
Global
	GlobalSection(SolutionConfigurationPlatforms) = preSolution
		Debug|Any CPU = Debug|Any CPU
		Release|Any CPU = Release|Any CPU
	EndGlobalSection
	GlobalSection(ProjectConfigurationPlatforms) = postSolution
		{AC353749-4146-4125-987B-A1CA222C905F}.Debug|Any CPU.ActiveCfg = Debug|Any CPU
		{AC353749-4146-4125-987B-A1CA222C905F}.Debug|Any CPU.Build.0 = Debug|Any CPU
		{AC353749-4146-4125-987B-A1CA222C905F}.Release|Any CPU.ActiveCfg = Release|Any CPU
		{AC353749-4146-4125-987B-A1CA222C905F}.Release|Any CPU.Build.0 = Release|Any CPU
		{A2F34A1E-3BC6-4889-AFF2-88E26C1260B5}.Debug|Any CPU.ActiveCfg = Debug|Any CPU
		{A2F34A1E-3BC6-4889-AFF2-88E26C1260B5}.Debug|Any CPU.Build.0 = Debug|Any CPU
		{A2F34A1E-3BC6-4889-AFF2-88E26C1260B5}.Release|Any CPU.ActiveCfg = Release|Any CPU
		{A2F34A1E-3BC6-4889-AFF2-88E26C1260B5}.Release|Any CPU.Build.0 = Release|Any CPU
	EndGlobalSection
	GlobalSection(SolutionProperties) = preSolution
		HideSolutionNode = FALSE
	EndGlobalSection
EndGlobal
